PODS:
  - flutter_event_kit (0.0.1):
    - FlutterMacOS
  - FlutterMacOS (1.0.0)

DEPENDENCIES:
  - flutter_event_kit (from `Flutter/ephemeral/.symlinks/plugins/flutter_event_kit/macos`)
  - FlutterMacOS (from `Flutter/ephemeral`)

EXTERNAL SOURCES:
  flutter_event_kit:
    :path: Flutter/ephemeral/.symlinks/plugins/flutter_event_kit/macos
  FlutterMacOS:
    :path: Flutter/ephemeral

SPEC CHECKSUMS:
  flutter_event_kit: 710b61c77cfef521ebe22fc920efde56f1097b54
  FlutterMacOS: d0db08ddef1a9af05a5ec4b724367152bb0500b1

PODFILE CHECKSUM: 54d867c82ac51cbd61b565781b9fada492027009

COCOAPODS: 1.16.2
